
Microsoft Visual Studio Solution File, Format Version 12.00
# Visual Studio Version 17
VisualStudioVersion = 17.6.33815.320
MinimumVisualStudioVersion = 10.0.40219.1
Project("{FAE04EC0-301F-11D3-BF4B-00C04F79EFBC}") = "BankingAppMVC", "BankingAppMVC.csproj", "{4C3F277C-4588-4AA0-BE12-8D8B956FEB7A}"
EndProject
Global
	GlobalSection(SolutionConfigurationPlatforms) = preSolution
		Debug|Any CPU = Debug|Any CPU
		Release|Any CPU = Release|Any CPU
	EndGlobalSection
	GlobalSection(ProjectConfigurationPlatforms) = postSolution
		{4C3F277C-4588-4AA0-BE12-8D8B956FEB7A}.Debug|Any CPU.ActiveCfg = Debug|Any CPU
		{4C3F277C-4588-4AA0-BE12-8D8B956FEB7A}.Debug|Any CPU.Build.0 = Debug|Any CPU
		{4C3F277C-4588-4AA0-BE12-8D8B956FEB7A}.Release|Any CPU.ActiveCfg = Release|Any CPU
		{4C3F277C-4588-4AA0-BE12-8D8B956FEB7A}.Release|Any CPU.Build.0 = Release|Any CPU
	EndGlobalSection
	GlobalSection(SolutionProperties) = preSolution
		HideSolutionNode = FALSE
	EndGlobalSection
	GlobalSection(ExtensibilityGlobals) = postSolution
		SolutionGuid = {B0E9817C-66CE-4B0E-8762-23CEA952C68D}
	EndGlobalSection
EndGlobal
